// This lockfile was autogenerated by Pants. To regenerate, run:
//
//    ./pants generate-lockfiles --resolve=pytest
//
// --- BEGIN PANTS LOCKFILE METADATA: DO NOT EDIT OR REMOVE ---
// {
//   "version": 3,
//   "valid_for_interpreter_constraints": [
//     "CPython>=3.10.0"
//   ],
//   "generated_with_requirements": [
//     "pytest-abstracts>=0.0.4",
//     "pytest-cov<2.12,>=2.10.1",
//     "pytest-iters>=0.0.3",
//     "pytest-patches",
//     "pytest==7.0.1"
//   ],
//   "manylinux": "manylinux2014",
//   "requirement_constraints": [],
//   "only_binary": [],
//   "no_binary": []
// }
// --- END PANTS LOCKFILE METADATA ---

{
  "allow_builds": true,
  "allow_prereleases": false,
  "allow_wheels": true,
  "build_isolation": true,
  "constraints": [],
  "locked_resolves": [
    {
      "locked_requirements": [
        {
          "artifacts": [
            {
              "algorithm": "sha256",
              "hash": "acc01ff56c8a05fb88150dff62e295f9071fc33388c42f1dfc2787a8d1c755ff",
              "url": "https://files.pythonhosted.org/packages/93/4f/158ded37e69172bba7987774885629afa9b482857edde5e87399c89e7d66/abstracts-0.0.12-py3-none-any.whl"
            }
          ],
          "project_name": "abstracts",
          "requires_dists": [
            "flake8; extra == \"lint\"",
            "mypy; extra == \"types\"",
            "pytest-coverage; extra == \"test\"",
            "pytest-patches; extra == \"test\"",
            "pytest; extra == \"test\"",
            "wheel; extra == \"publish\""
          ],
          "requires_python": ">=3.5",
          "version": "0.0.12"
        },
        {
          "artifacts": [
            {
              "algorithm": "sha256",
              "hash": "29e95c7f6778868dbd49170f98f8818f78f3dc5e0e37c0b1f474e3561b240836",
              "url": "https://files.pythonhosted.org/packages/fb/6e/6f83bf616d2becdf333a1640f1d463fef3150e2e926b7010cb0f81c95e88/attrs-22.2.0-py3-none-any.whl"
            },
            {
              "algorithm": "sha256",
              "hash": "c9227bfc2f01993c03f68db37d1d15c9690188323c067c641f1a35ca58185f99",
              "url": "https://files.pythonhosted.org/packages/21/31/3f468da74c7de4fcf9b25591e682856389b3400b4b62f201e65f15ea3e07/attrs-22.2.0.tar.gz"
            }
          ],
          "project_name": "attrs",
          "requires_dists": [
            "attrs[docs,tests]; extra == \"dev\"",
            "attrs[tests-no-zope]; extra == \"tests\"",
            "attrs[tests]; extra == \"cov\"",
            "cloudpickle; platform_python_implementation == \"CPython\" and extra == \"tests-no-zope\"",
            "cloudpickle; platform_python_implementation == \"CPython\" and extra == \"tests_no_zope\"",
            "coverage-enable-subprocess; extra == \"cov\"",
            "coverage[toml]>=5.3; extra == \"cov\"",
            "furo; extra == \"docs\"",
            "hypothesis; extra == \"tests-no-zope\"",
            "hypothesis; extra == \"tests_no_zope\"",
            "mypy<0.990,>=0.971; platform_python_implementation == \"CPython\" and extra == \"tests-no-zope\"",
            "mypy<0.990,>=0.971; platform_python_implementation == \"CPython\" and extra == \"tests_no_zope\"",
            "myst-parser; extra == \"docs\"",
            "pympler; extra == \"tests-no-zope\"",
            "pympler; extra == \"tests_no_zope\"",
            "pytest-mypy-plugins; (platform_python_implementation == \"CPython\" and python_version < \"3.11\") and extra == \"tests-no-zope\"",
            "pytest-mypy-plugins; (platform_python_implementation == \"CPython\" and python_version < \"3.11\") and extra == \"tests_no_zope\"",
            "pytest-xdist[psutil]; extra == \"tests-no-zope\"",
            "pytest-xdist[psutil]; extra == \"tests_no_zope\"",
            "pytest>=4.3.0; extra == \"tests-no-zope\"",
            "pytest>=4.3.0; extra == \"tests_no_zope\"",
            "sphinx-notfound-page; extra == \"docs\"",
            "sphinx; extra == \"docs\"",
            "sphinxcontrib-towncrier; extra == \"docs\"",
            "towncrier; extra == \"docs\"",
            "zope.interface; extra == \"docs\"",
            "zope.interface; extra == \"tests\""
          ],
          "requires_python": ">=3.6",
          "version": "22.2"
        },
        {
          "artifacts": [
            {
              "algorithm": "sha256",
              "hash": "3baf5f126f30781b5e93dbefcc8271cb2491647f8283f20ac54d12161dff080e",
              "url": "https://files.pythonhosted.org/packages/9d/1f/0332d1a22abe7462e6bf12906c95dc1b89ad288611a891f9189fb2e62678/coverage-7.1.0-cp311-cp311-musllinux_1_1_x86_64.whl"
            },
            {
              "algorithm": "sha256",
              "hash": "c5b15ed7644ae4bee0ecf74fee95808dcc34ba6ace87e8dfbf5cb0dc20eab45a",
              "url": "https://files.pythonhosted.org/packages/13/4a/d452bd3a9e749151afd107c34b66f69ae1f8bbd48bfc2ed2a6b89748c4d8/coverage-7.1.0-cp311-cp311-macosx_11_0_arm64.whl"
            },
            {
              "algorithm": "sha256",
              "hash": "10188fe543560ec4874f974b5305cd1a8bdcfa885ee00ea3a03733464c4ca265",
              "url": "https://files.pythonhosted.org/packages/18/a0/bfa6c6ab7a5f0aeb69dd169d956ead54133f5bca68a5945c4569ea2c40b3/coverage-7.1.0.tar.gz"
            },
            {
              "algorithm": "sha256",
              "hash": "9d58885215094ab4a86a6aef044e42994a2bd76a446dc59b352622655ba6621b",
              "url": "https://files.pythonhosted.org/packages/1c/2b/5d1387301c36f3bcb040aa5d51372475d85642711fb2237b5545eb564fa5/coverage-7.1.0-cp311-cp311-musllinux_1_1_aarch64.whl"
            },
            {
              "algorithm": "sha256",
              "hash": "ffeeb38ee4a80a30a6877c5c4c359e5498eec095878f1581453202bfacc8fbc2",
              "url": "https://files.pythonhosted.org/packages/1d/5f/f5b1e50e7806758d3a189e565eea2b54199658f27fff2da36d915f042e16/coverage-7.1.0-cp311-cp311-musllinux_1_1_i686.whl"
            },
            {
              "algorithm": "sha256",
              "hash": "b643cb30821e7570c0aaf54feaf0bfb630b79059f85741843e9dc23f33aaca2c",
              "url": "https://files.pythonhosted.org/packages/2c/40/2b3f87a28d592f5eed431490cc019ac74859d537e0d33ab7ccd976a4c860/coverage-7.1.0-cp310-cp310-manylinux_2_5_i686.manylinux1_i686.manylinux_2_17_i686.manylinux2014_i686.whl"
            },
            {
              "algorithm": "sha256",
              "hash": "c4e4881fa9e9667afcc742f0c244d9364d197490fbc91d12ac3b5de0bf2df146",
              "url": "https://files.pythonhosted.org/packages/37/84/6d932952986f5e44a38229ab6ef34ecb438bf29d0c3eb23da1f7582fd44d/coverage-7.1.0-cp311-cp311-manylinux_2_5_x86_64.manylinux1_x86_64.manylinux_2_17_x86_64.manylinux2014_x86_64.whl"
            },
            {
              "algorithm": "sha256",
              "hash": "e2617759031dae1bf183c16cef8fcfb3de7617f394c813fa5e8e46e9b82d4222",
              "url": "https://files.pythonhosted.org/packages/47/c8/de630d1b872cc65f1878536e00fc0a1b610508f018ad90f957b171de06a6/coverage-7.1.0-cp311-cp311-manylinux_2_5_i686.manylinux1_i686.manylinux_2_17_i686.manylinux2014_i686.whl"
            },
            {
              "algorithm": "sha256",
              "hash": "33d1ae9d4079e05ac4cc1ef9e20c648f5afabf1a92adfaf2ccf509c50b85717f",
              "url": "https://files.pythonhosted.org/packages/6c/97/5c6ceef429c0b38d1f5db700697f7f40c379ba498a3778f7365a64d8b03d/coverage-7.1.0-cp310-cp310-musllinux_1_1_aarch64.whl"
            },
            {
              "algorithm": "sha256",
              "hash": "da9b41d4539eefd408c46725fb76ecba3a50a3367cafb7dea5f250d0653c1040",
              "url": "https://files.pythonhosted.org/packages/76/cb/36a1cf1c75caa970533dd6e3edd92a98f1997686c3c4acbceaa92ff6a06e/coverage-7.1.0-cp311-cp311-macosx_10_9_x86_64.whl"
            },
            {
              "algorithm": "sha256",
              "hash": "d12d076582507ea460ea2a89a8c85cb558f83406c8a41dd641d7be9a32e1274f",
              "url": "https://files.pythonhosted.org/packages/8f/42/9e3920032dbe70ec83bf60672d28ff764fb7ad49bac060411a68a54b8758/coverage-7.1.0-cp311-cp311-manylinux_2_17_aarch64.manylinux2014_aarch64.whl"
            },
            {
              "algorithm": "sha256",
              "hash": "3b946bbcd5a8231383450b195cfb58cb01cbe7f8949f5758566b881df4b33baf",
              "url": "https://files.pythonhosted.org/packages/b0/60/39dbed89206fe0572561169e33ed3f0e76041adfec1a5b577371fef20d97/coverage-7.1.0-cp310-cp310-macosx_10_9_x86_64.whl"
            },
            {
              "algorithm": "sha256",
              "hash": "29571503c37f2ef2138a306d23e7270687c0efb9cab4bd8038d609b5c2393a3a",
              "url": "https://files.pythonhosted.org/packages/b6/d7/215ea44cbed1a15663d0a88620bedd13d6d1d9287c55c0af1a0f07170e2b/coverage-7.1.0-cp310-cp310-musllinux_1_1_i686.whl"
            },
            {
              "algorithm": "sha256",
              "hash": "ec8e767f13be637d056f7e07e61d089e555f719b387a7070154ad80a0ff31801",
              "url": "https://files.pythonhosted.org/packages/c2/d0/60a9ac8ff523b0e3a4ff759fdebad023a5accc49d4e95c304ccaa282939c/coverage-7.1.0-cp310-cp310-macosx_11_0_arm64.whl"
            },
            {
              "algorithm": "sha256",
              "hash": "d4a5a5879a939cb84959d86869132b00176197ca561c664fc21478c1eee60d75",
              "url": "https://files.pythonhosted.org/packages/ea/a5/2fc1027e4530b9bda6dd541e8b63ea16623e58e306d2df3f2aa672eb7f90/coverage-7.1.0-cp310-cp310-manylinux_2_17_aarch64.manylinux2014_aarch64.whl"
            },
            {
              "algorithm": "sha256",
              "hash": "63ffd21aa133ff48c4dff7adcc46b7ec8b565491bfc371212122dd999812ea1c",
              "url": "https://files.pythonhosted.org/packages/ef/92/edd214c7099c76a003238a342daf78621a04a9a8f37ce5dc61f3e4e91410/coverage-7.1.0-cp310-cp310-musllinux_1_1_x86_64.whl"
            },
            {
              "algorithm": "sha256",
              "hash": "32df215215f3af2c1617a55dbdfb403b772d463d54d219985ac7cd3bf124cada",
              "url": "https://files.pythonhosted.org/packages/f8/f6/c978a4f888393779725b64a1b1de5137a30b00d8a017be3074c225827d1b/coverage-7.1.0-cp310-cp310-manylinux_2_5_x86_64.manylinux1_x86_64.manylinux_2_17_x86_64.manylinux2014_x86_64.whl"
            }
          ],
          "project_name": "coverage",
          "requires_dists": [
            "tomli; python_full_version <= \"3.11.0a6\" and extra == \"toml\""
          ],
          "requires_python": ">=3.7",
          "version": "7.1"
        },
        {
          "artifacts": [
            {
              "algorithm": "sha256",
              "hash": "b6a85871a79d2e3b22d2d1b94ac2824226a63c6b741c88f7ae975f18b6778374",
              "url": "https://files.pythonhosted.org/packages/ef/a6/62565a6e1cf69e10f5727360368e451d4b7f58beeac6173dc9db836a5b46/iniconfig-2.0.0-py3-none-any.whl"
            },
            {
              "algorithm": "sha256",
              "hash": "2d91e135bf72d31a410b17c16da610a82cb55f6b0477d1a902134b24a455b8b3",
              "url": "https://files.pythonhosted.org/packages/d7/4b/cbd8e699e64a6f16ca3a8220661b5f83792b3017d0f79807cb8708d33913/iniconfig-2.0.0.tar.gz"
            }
          ],
          "project_name": "iniconfig",
          "requires_dists": [],
          "requires_python": ">=3.7",
          "version": "2"
        },
        {
          "artifacts": [
            {
              "algorithm": "sha256",
              "hash": "714ac14496c3e68c99c29b00845f7a2b85f3bb6f1078fd9f72fd20f0570002b2",
              "url": "https://files.pythonhosted.org/packages/ed/35/a31aed2993e398f6b09a790a181a7927eb14610ee8bbf02dc14d31677f1c/packaging-23.0-py3-none-any.whl"
            },
            {
              "algorithm": "sha256",
              "hash": "b6ad297f8907de0fa2fe1ccbd26fdaf387f5f47c7275fedf8cce89f99446cf97",
              "url": "https://files.pythonhosted.org/packages/47/d5/aca8ff6f49aa5565df1c826e7bf5e85a6df852ee063600c1efa5b932968c/packaging-23.0.tar.gz"
            }
          ],
          "project_name": "packaging",
          "requires_dists": [],
          "requires_python": ">=3.7",
          "version": "23"
        },
        {
          "artifacts": [
            {
              "algorithm": "sha256",
              "hash": "74134bbf457f031a36d68416e1509f34bd5ccc019f0bcc952c7b909d06b37bd3",
              "url": "https://files.pythonhosted.org/packages/9e/01/f38e2ff29715251cf25532b9082a1589ab7e4f571ced434f98d0139336dc/pluggy-1.0.0-py2.py3-none-any.whl"
            },
            {
              "algorithm": "sha256",
              "hash": "4224373bacce55f955a878bf9cfa763c1e360858e330072059e10bad68531159",
              "url": "https://files.pythonhosted.org/packages/a1/16/db2d7de3474b6e37cbb9c008965ee63835bba517e22cdb8c35b5116b5ce1/pluggy-1.0.0.tar.gz"
            }
          ],
          "project_name": "pluggy",
          "requires_dists": [
            "importlib-metadata>=0.12; python_version < \"3.8\"",
            "pre-commit; extra == \"dev\"",
            "pytest-benchmark; extra == \"testing\"",
            "pytest; extra == \"testing\"",
            "tox; extra == \"dev\""
          ],
          "requires_python": ">=3.6",
          "version": "1"
        },
        {
          "artifacts": [
            {
              "algorithm": "sha256",
              "hash": "607c53218732647dff4acdfcd50cb62615cedf612e72d1724fb1a0cc6405b378",
              "url": "https://files.pythonhosted.org/packages/f6/f0/10642828a8dfb741e5f3fbaac830550a518a775c7fff6f04a007259b0548/py-1.11.0-py2.py3-none-any.whl"
            },
            {
              "algorithm": "sha256",
              "hash": "51c75c4126074b472f746a24399ad32f6053d1b34b68d2fa41e558e6f4a98719",
              "url": "https://files.pythonhosted.org/packages/98/ff/fec109ceb715d2a6b4c4a85a61af3b40c723a961e8828319fbcb15b868dc/py-1.11.0.tar.gz"
            }
          ],
          "project_name": "py",
          "requires_dists": [],
          "requires_python": "!=3.0.*,!=3.1.*,!=3.2.*,!=3.3.*,!=3.4.*,>=2.7",
          "version": "1.11"
        },
        {
          "artifacts": [
            {
              "algorithm": "sha256",
              "hash": "9ce3ff477af913ecf6321fe337b93a2c0dcf2a0a1439c43f5452112c1e4280db",
              "url": "https://files.pythonhosted.org/packages/38/93/c7c0bd1e932b287fb948eb9ce5a3d6307c9fc619db1e199f8c8bc5dad95f/pytest-7.0.1-py3-none-any.whl"
            },
            {
              "algorithm": "sha256",
              "hash": "e30905a0c131d3d94b89624a1cc5afec3e0ba2fbdb151867d8e0ebd49850f171",
              "url": "https://files.pythonhosted.org/packages/3e/2c/a67ad48759051c7abf82ce182a4e6d766de371b183182d2dde03089e8dfb/pytest-7.0.1.tar.gz"
            }
          ],
          "project_name": "pytest",
          "requires_dists": [
            "argcomplete; extra == \"testing\"",
            "atomicwrites>=1.0; sys_platform == \"win32\"",
            "attrs>=19.2.0",
            "colorama; sys_platform == \"win32\"",
            "hypothesis>=3.56; extra == \"testing\"",
            "importlib-metadata>=0.12; python_version < \"3.8\"",
            "iniconfig",
            "mock; extra == \"testing\"",
            "nose; extra == \"testing\"",
            "packaging",
            "pluggy<2.0,>=0.12",
            "py>=1.8.2",
            "pygments>=2.7.2; extra == \"testing\"",
            "requests; extra == \"testing\"",
            "tomli>=1.0.0",
            "xmlschema; extra == \"testing\""
          ],
          "requires_python": ">=3.6",
          "version": "7.0.1"
        },
        {
          "artifacts": [
            {
              "algorithm": "sha256",
              "hash": "0ea2fbcf7ef810fbfc6fca9f6f42fdb26e945eab092a76278995800afc41e4f9",
              "url": "https://files.pythonhosted.org/packages/1a/76/e0b47275ffb96b5957613baa88fc95e3b379f82cd2e468e60dcb83ebd5c7/pytest_abstracts-0.0.4-py3-none-any.whl"
            },
            {
              "algorithm": "sha256",
              "hash": "5188213747eb7a9d64838047b55017eb8019e751486f12ed58a3ea7326b22a59",
              "url": "https://files.pythonhosted.org/packages/97/eb/42547e33d4b5448fd3a0b42611f426ab119a1122a20bc571ac358094f75e/pytest-abstracts-0.0.4.tar.gz"
            }
          ],
          "project_name": "pytest-abstracts",
          "requires_dists": [
            "abstracts>=0.0.12"
          ],
          "requires_python": null,
          "version": "0.0.4"
        },
        {
          "artifacts": [
            {
              "algorithm": "sha256",
              "hash": "bdb9fdb0b85a7cc825269a4c56b48ccaa5c7e365054b6038772c32ddcdc969da",
              "url": "https://files.pythonhosted.org/packages/e3/1a/6affecd2344efee7f2487fac82242474cbac09f9e04929da5944907baf11/pytest_cov-2.11.1-py2.py3-none-any.whl"
            },
            {
              "algorithm": "sha256",
              "hash": "359952d9d39b9f822d9d29324483e7ba04a3a17dd7d05aa6beb7ea01e359e5f7",
              "url": "https://files.pythonhosted.org/packages/9b/7b/b8631778c37fdb615f568d97959ba5176a9860271c5deecf234750a37ffa/pytest-cov-2.11.1.tar.gz"
            }
          ],
          "project_name": "pytest-cov",
          "requires_dists": [
            "coverage>=5.2.1",
            "fields; extra == \"testing\"",
            "hunter; extra == \"testing\"",
            "process-tests==2.0.2; extra == \"testing\"",
            "pytest-xdist; extra == \"testing\"",
            "pytest>=4.6",
            "six; extra == \"testing\"",
            "virtualenv; extra == \"testing\""
          ],
          "requires_python": "!=3.0.*,!=3.1.*,!=3.2.*,!=3.3.*,!=3.4.*,>=2.7",
          "version": "2.11.1"
        },
        {
          "artifacts": [
            {
              "algorithm": "sha256",
              "hash": "945ed337e85f00c18d7c38d207e3953eed6629e8170f92b1c342ae68825b1bbb",
              "url": "https://files.pythonhosted.org/packages/c5/06/07353a0b46636d6507c5cd62abb5870054fcb4d359cea768f11ec300d918/pytest_iters-0.0.3-py3-none-any.whl"
            },
            {
              "algorithm": "sha256",
              "hash": "79ba994c1d3c37e7c0ac02f0a9b7e1ac3891541e5d88b8b387d6a7b38fc96375",
              "url": "https://files.pythonhosted.org/packages/98/24/b1d025e672ed4cf6e22f3342543dc67fc9d81c382a144723e7b0e55a1c94/pytest-iters-0.0.3.tar.gz"
            }
          ],
          "project_name": "pytest-iters",
          "requires_dists": [],
          "requires_python": null,
          "version": "0.0.3"
        },
        {
          "artifacts": [
            {
              "algorithm": "sha256",
              "hash": "6f8cdc8641c708c4812f58ae48d410f373a6fd16cd6cc4dc4d3fb8951df9c92a",
              "url": "https://files.pythonhosted.org/packages/b8/87/4705cb62a5fde412969b4ef2556c41c5131b8e8d4fa9265170b648a07298/pytest_patches-0.0.3-py3-none-any.whl"
            }
          ],
          "project_name": "pytest-patches",
          "requires_dists": [
            "flake8; extra == \"lint\"",
            "mypy; extra == \"types\"",
            "pytest-coverage; extra == \"test\"",
            "pytest>=3.5.0",
            "wheel; extra == \"publish\""
          ],
          "requires_python": ">=3.5",
          "version": "0.0.3"
        },
        {
          "artifacts": [
            {
              "algorithm": "sha256",
              "hash": "939de3e7a6161af0c887ef91b7d41a53e7c5a1ca976325f429cb46ea9bc30ecc",
              "url": "https://files.pythonhosted.org/packages/97/75/10a9ebee3fd790d20926a90a2547f0bf78f371b2f13aa822c759680ca7b9/tomli-2.0.1-py3-none-any.whl"
            },
            {
              "algorithm": "sha256",
              "hash": "de526c12914f0c550d15924c62d72abc48d6fe7364aa87328337a31007fe8a4f",
              "url": "https://files.pythonhosted.org/packages/c0/3f/d7af728f075fb08564c5949a9c95e44352e23dee646869fa104a3b2060a3/tomli-2.0.1.tar.gz"
            }
          ],
          "project_name": "tomli",
          "requires_dists": [],
          "requires_python": ">=3.7",
          "version": "2.0.1"
        }
      ],
      "platform_tag": null
    }
  ],
  "path_mappings": {},
  "pex_version": "2.1.108",
  "pip_version": "20.3.4-patched",
  "prefer_older_binary": false,
  "requirements": [
    "pytest-abstracts>=0.0.4",
    "pytest-cov<2.12,>=2.10.1",
    "pytest-iters>=0.0.3",
    "pytest-patches",
    "pytest==7.0.1"
  ],
  "requires_python": [
    ">=3.10.0"
  ],
  "resolver_version": "pip-2020-resolver",
  "style": "universal",
  "target_systems": [
    "linux",
    "mac"
  ],
  "transitive": true,
  "use_pep517": null
}
