// This lockfile was autogenerated by Pants. To regenerate, run:
//
//    pants generate-lockfiles --resolve=pytest
//
// --- BEGIN PANTS LOCKFILE METADATA: DO NOT EDIT OR REMOVE ---
// {
//   "version": 3,
//   "valid_for_interpreter_constraints": [
//     "CPython>=3.10.0"
//   ],
//   "generated_with_requirements": [
//     "pytest-abstracts>=0.0.4",
//     "pytest-cov>=4",
//     "pytest-iters>=0.0.3",
//     "pytest-patches",
//     "pytest>=7.2"
//   ],
//   "manylinux": "manylinux2014",
//   "requirement_constraints": [],
//   "only_binary": [],
//   "no_binary": []
// }
// --- END PANTS LOCKFILE METADATA ---

{
  "allow_builds": true,
  "allow_prereleases": false,
  "allow_wheels": true,
  "build_isolation": true,
  "constraints": [],
  "locked_resolves": [
    {
      "locked_requirements": [
        {
          "artifacts": [
            {
              "algorithm": "sha256",
              "hash": "acc01ff56c8a05fb88150dff62e295f9071fc33388c42f1dfc2787a8d1c755ff",
              "url": "https://files.pythonhosted.org/packages/93/4f/158ded37e69172bba7987774885629afa9b482857edde5e87399c89e7d66/abstracts-0.0.12-py3-none-any.whl"
            }
          ],
          "project_name": "abstracts",
          "requires_dists": [
            "flake8; extra == \"lint\"",
            "mypy; extra == \"types\"",
            "pytest-coverage; extra == \"test\"",
            "pytest-patches; extra == \"test\"",
            "pytest; extra == \"test\"",
            "wheel; extra == \"publish\""
          ],
          "requires_python": ">=3.5",
          "version": "0.0.12"
        },
        {
          "artifacts": [
            {
              "algorithm": "sha256",
              "hash": "f3ca78518bc6bc92828cd11867b121891d75cae4ea9e908d72030609b996db1b",
              "url": "https://files.pythonhosted.org/packages/15/0e/4ac9035ee2ee08d2b703fdad2d84283ec0bad3b46eb4ad6affb150174cb6/coverage-7.6.9-pp39.pp310-none-any.whl"
            },
            {
              "algorithm": "sha256",
              "hash": "085161be5f3b30fd9b3e7b9a8c301f935c8313dcf928a07b116324abea2c1c2c",
              "url": "https://files.pythonhosted.org/packages/0d/2b/53fd6cb34d443429a92b3ec737f4953627e38b3bee2a67a3c03425ba8573/coverage-7.6.9-cp311-cp311-macosx_11_0_arm64.whl"
            },
            {
              "algorithm": "sha256",
              "hash": "db1dab894cc139f67822a92910466531de5ea6034ddfd2b11c0d4c6257168073",
              "url": "https://files.pythonhosted.org/packages/28/cc/39de85ac1d5652bc34ff2bee39ae251b1fdcaae53fab4b44cab75a432bc0/coverage-7.6.9-cp310-cp310-musllinux_1_2_x86_64.whl"
            },
            {
              "algorithm": "sha256",
              "hash": "ee5defd1733fd6ec08b168bd4f5387d5b322f45ca9e0e6c817ea6c4cd36313e3",
              "url": "https://files.pythonhosted.org/packages/33/6d/31f6ab0b4f0f781636075f757eb02141ea1b34466d9d1526dbc586ed7078/coverage-7.6.9-cp311-cp311-musllinux_1_2_x86_64.whl"
            },
            {
              "algorithm": "sha256",
              "hash": "85d9636f72e8991a1706b2b55b06c27545448baf9f6dbf51c4004609aacd7dcb",
              "url": "https://files.pythonhosted.org/packages/49/f3/f830fb53bf7e4f1d5542756f61d9b740352a188f43854aab9409c8cdeb18/coverage-7.6.9-cp310-cp310-macosx_10_9_x86_64.whl"
            },
            {
              "algorithm": "sha256",
              "hash": "608a7fd78c67bee8936378299a6cb9f5149bb80238c7a566fc3e6717a4e68710",
              "url": "https://files.pythonhosted.org/packages/4e/e3/ea5632a3a6efd00ab0a791adc0f3e48512097a757ee7dcbee5505f57bafa/coverage-7.6.9-cp310-cp310-macosx_11_0_arm64.whl"
            },
            {
              "algorithm": "sha256",
              "hash": "98caba4476a6c8d59ec1eb00c7dd862ba9beca34085642d46ed503cc2d440d4b",
              "url": "https://files.pythonhosted.org/packages/58/2f/9d2203f012f3b0533c73336c74134b608742be1ce475a5c72012573cfbb4/coverage-7.6.9-cp311-cp311-musllinux_1_2_i686.whl"
            },
            {
              "algorithm": "sha256",
              "hash": "4a8d8977b0c6ef5aeadcb644da9e69ae0dcfe66ec7f368c89c72e058bd71164d",
              "url": "https://files.pythonhosted.org/packages/5b/d2/c25011f4d036cf7e8acbbee07a8e09e9018390aee25ba085596c4b83d510/coverage-7.6.9.tar.gz"
            },
            {
              "algorithm": "sha256",
              "hash": "d75cded8a3cff93da9edc31446872d2997e327921d8eed86641efafd350e1df1",
              "url": "https://files.pythonhosted.org/packages/6a/52/57030a8d15ab935624d298360f0a6704885578e39f7b4f68569e59f5902d/coverage-7.6.9-cp310-cp310-manylinux_2_5_i686.manylinux1_i686.manylinux_2_17_i686.manylinux2014_i686.whl"
            },
            {
              "algorithm": "sha256",
              "hash": "4401ae5fc52ad8d26d2a5d8a7428b0f0c72431683f8e63e42e70606374c311a1",
              "url": "https://files.pythonhosted.org/packages/6f/62/4ac2e5ad9e7a5c9ec351f38947528e11541f1f00e8a0cdce56f1ba7ae301/coverage-7.6.9-cp311-cp311-musllinux_1_2_aarch64.whl"
            },
            {
              "algorithm": "sha256",
              "hash": "ccc660a77e1c2bf24ddbce969af9447a9474790160cfb23de6be4fa88e3951c7",
              "url": "https://files.pythonhosted.org/packages/74/f2/68edb1e6826f980a124f21ea5be0d324180bf11de6fd1defcf9604f76df0/coverage-7.6.9-cp311-cp311-manylinux_2_17_aarch64.manylinux2014_aarch64.whl"
            },
            {
              "algorithm": "sha256",
              "hash": "0824a28ec542a0be22f60c6ac36d679e0e262e5353203bea81d44ee81fe9c6d4",
              "url": "https://files.pythonhosted.org/packages/8b/20/8f50e7c7ad271144afbc2c1c6ec5541a8c81773f59352f8db544cad1a0ec/coverage-7.6.9-cp311-cp311-manylinux_2_5_x86_64.manylinux1_x86_64.manylinux_2_17_x86_64.manylinux2014_x86_64.whl"
            },
            {
              "algorithm": "sha256",
              "hash": "44349150f6811b44b25574839b39ae35291f6496eb795b7366fef3bd3cf112d3",
              "url": "https://files.pythonhosted.org/packages/b0/1c/55552c3009b7bf96732e36548596ade771c87f89cf1f5a8e3975b33539b5/coverage-7.6.9-cp310-cp310-musllinux_1_2_aarch64.whl"
            },
            {
              "algorithm": "sha256",
              "hash": "932fc826442132dde42ee52cf66d941f581c685a6313feebed358411238f60f9",
              "url": "https://files.pythonhosted.org/packages/b1/91/b3dc2f7f38b5cca1236ab6bbb03e84046dd887707b4ec1db2baa47493b3b/coverage-7.6.9-cp311-cp311-macosx_10_9_x86_64.whl"
            },
            {
              "algorithm": "sha256",
              "hash": "d891c136b5b310d0e702e186d70cd16d1119ea8927347045124cb286b29297e5",
              "url": "https://files.pythonhosted.org/packages/bb/7d/da3dca6878701182ea42c51df47a47c80eaef2a76f5aa3e891dc2a8cce3f/coverage-7.6.9-cp310-cp310-musllinux_1_2_i686.whl"
            },
            {
              "algorithm": "sha256",
              "hash": "f7b15f589593110ae767ce997775d645b47e5cbbf54fd322f8ebea6277466cec",
              "url": "https://files.pythonhosted.org/packages/d0/c5/4466602195ecaced298d55af1e29abceb812addabefd5bd9116a204f7bab/coverage-7.6.9-cp310-cp310-manylinux_2_5_x86_64.manylinux1_x86_64.manylinux_2_17_x86_64.manylinux2014_x86_64.whl"
            },
            {
              "algorithm": "sha256",
              "hash": "c69e42c892c018cd3c8d90da61d845f50a8243062b19d228189b0224150018a9",
              "url": "https://files.pythonhosted.org/packages/d3/83/8fec0ee68c2c4a5ab5f0f8527277f84ed6f2bd1310ae8a19d0c5532253ab/coverage-7.6.9-cp311-cp311-manylinux_2_5_i686.manylinux1_i686.manylinux_2_17_i686.manylinux2014_i686.whl"
            },
            {
              "algorithm": "sha256",
              "hash": "96d636c77af18b5cb664ddf12dab9b15a0cfe9c0bde715da38698c8cea748bfa",
              "url": "https://files.pythonhosted.org/packages/e4/ae/18ff8b5580e27e62ebcc888082aa47694c2772782ea7011ddf58e377e98f/coverage-7.6.9-cp310-cp310-manylinux_2_17_aarch64.manylinux2014_aarch64.whl"
            }
          ],
          "project_name": "coverage",
          "requires_dists": [
            "tomli; python_full_version <= \"3.11.0a6\" and extra == \"toml\""
          ],
          "requires_python": ">=3.9",
          "version": "7.6.9"
        },
        {
          "artifacts": [
            {
              "algorithm": "sha256",
              "hash": "3111b9d131c238bec2f8f516e123e14ba243563fb135d3fe885990585aa7795b",
              "url": "https://files.pythonhosted.org/packages/02/cc/b7e31358aac6ed1ef2bb790a9746ac2c69bcb3c8588b41616914eb106eaf/exceptiongroup-1.2.2-py3-none-any.whl"
            },
            {
              "algorithm": "sha256",
              "hash": "47c2edf7c6738fafb49fd34290706d1a1a2f4d1c6df275526b62cbb4aa5393cc",
              "url": "https://files.pythonhosted.org/packages/09/35/2495c4ac46b980e4ca1f6ad6db102322ef3ad2410b79fdde159a4b0f3b92/exceptiongroup-1.2.2.tar.gz"
            }
          ],
          "project_name": "exceptiongroup",
          "requires_dists": [
            "pytest>=6; extra == \"test\""
          ],
          "requires_python": ">=3.7",
          "version": "1.2.2"
        },
        {
          "artifacts": [
            {
              "algorithm": "sha256",
              "hash": "b6a85871a79d2e3b22d2d1b94ac2824226a63c6b741c88f7ae975f18b6778374",
              "url": "https://files.pythonhosted.org/packages/ef/a6/62565a6e1cf69e10f5727360368e451d4b7f58beeac6173dc9db836a5b46/iniconfig-2.0.0-py3-none-any.whl"
            },
            {
              "algorithm": "sha256",
              "hash": "2d91e135bf72d31a410b17c16da610a82cb55f6b0477d1a902134b24a455b8b3",
              "url": "https://files.pythonhosted.org/packages/d7/4b/cbd8e699e64a6f16ca3a8220661b5f83792b3017d0f79807cb8708d33913/iniconfig-2.0.0.tar.gz"
            }
          ],
          "project_name": "iniconfig",
          "requires_dists": [],
          "requires_python": ">=3.7",
          "version": "2"
        },
        {
          "artifacts": [
            {
              "algorithm": "sha256",
              "hash": "09abb1bccd265c01f4a3aa3f7a7db064b36514d2cba19a2f694fe6150451a759",
              "url": "https://files.pythonhosted.org/packages/88/ef/eb23f262cca3c0c4eb7ab1933c3b1f03d021f2c48f54763065b6f0e321be/packaging-24.2-py3-none-any.whl"
            },
            {
              "algorithm": "sha256",
              "hash": "c228a6dc5e932d346bc5739379109d49e8853dd8223571c7c5b55260edc0b97f",
              "url": "https://files.pythonhosted.org/packages/d0/63/68dbb6eb2de9cb10ee4c9c14a0148804425e13c4fb20d61cce69f53106da/packaging-24.2.tar.gz"
            }
          ],
          "project_name": "packaging",
          "requires_dists": [],
          "requires_python": ">=3.8",
          "version": "24.2"
        },
        {
          "artifacts": [
            {
              "algorithm": "sha256",
              "hash": "44e1ad92c8ca002de6377e165f3e0f1be63266ab4d554740532335b9d75ea669",
              "url": "https://files.pythonhosted.org/packages/88/5f/e351af9a41f866ac3f1fac4ca0613908d9a41741cfcf2228f4ad853b697d/pluggy-1.5.0-py3-none-any.whl"
            },
            {
              "algorithm": "sha256",
              "hash": "2cffa88e94fdc978c4c574f15f9e59b7f4201d439195c3715ca9e2486f1d0cf1",
              "url": "https://files.pythonhosted.org/packages/96/2d/02d4312c973c6050a18b314a5ad0b3210edb65a906f868e31c111dede4a6/pluggy-1.5.0.tar.gz"
            }
          ],
          "project_name": "pluggy",
          "requires_dists": [
            "pre-commit; extra == \"dev\"",
            "pytest-benchmark; extra == \"testing\"",
            "pytest; extra == \"testing\"",
            "tox; extra == \"dev\""
          ],
          "requires_python": ">=3.8",
          "version": "1.5"
        },
        {
          "artifacts": [
            {
              "algorithm": "sha256",
              "hash": "50e16d954148559c9a74109af1eaf0c945ba2d8f30f0a3d3335edde19788b6f6",
              "url": "https://files.pythonhosted.org/packages/11/92/76a1c94d3afee238333bc0a42b82935dd8f9cf8ce9e336ff87ee14d9e1cf/pytest-8.3.4-py3-none-any.whl"
            },
            {
              "algorithm": "sha256",
              "hash": "965370d062bce11e73868e0335abac31b4d3de0e82f4007408d242b4f8610761",
              "url": "https://files.pythonhosted.org/packages/05/35/30e0d83068951d90a01852cb1cef56e5d8a09d20c7f511634cc2f7e0372a/pytest-8.3.4.tar.gz"
            }
          ],
          "project_name": "pytest",
          "requires_dists": [
            "argcomplete; extra == \"dev\"",
            "attrs>=19.2; extra == \"dev\"",
            "colorama; sys_platform == \"win32\"",
            "exceptiongroup>=1.0.0rc8; python_version < \"3.11\"",
            "hypothesis>=3.56; extra == \"dev\"",
            "iniconfig",
            "mock; extra == \"dev\"",
            "packaging",
            "pluggy<2,>=1.5",
            "pygments>=2.7.2; extra == \"dev\"",
            "requests; extra == \"dev\"",
            "setuptools; extra == \"dev\"",
            "tomli>=1; python_version < \"3.11\"",
            "xmlschema; extra == \"dev\""
          ],
          "requires_python": ">=3.8",
          "version": "8.3.4"
        },
        {
          "artifacts": [
            {
              "algorithm": "sha256",
              "hash": "0ea2fbcf7ef810fbfc6fca9f6f42fdb26e945eab092a76278995800afc41e4f9",
              "url": "https://files.pythonhosted.org/packages/1a/76/e0b47275ffb96b5957613baa88fc95e3b379f82cd2e468e60dcb83ebd5c7/pytest_abstracts-0.0.4-py3-none-any.whl"
            },
            {
              "algorithm": "sha256",
              "hash": "5188213747eb7a9d64838047b55017eb8019e751486f12ed58a3ea7326b22a59",
              "url": "https://files.pythonhosted.org/packages/97/eb/42547e33d4b5448fd3a0b42611f426ab119a1122a20bc571ac358094f75e/pytest-abstracts-0.0.4.tar.gz"
            }
          ],
          "project_name": "pytest-abstracts",
          "requires_dists": [
            "abstracts>=0.0.12"
          ],
          "requires_python": null,
          "version": "0.0.4"
        },
        {
          "artifacts": [
            {
              "algorithm": "sha256",
              "hash": "eee6f1b9e61008bd34975a4d5bab25801eb31898b032dd55addc93e96fcaaa35",
              "url": "https://files.pythonhosted.org/packages/36/3b/48e79f2cd6a61dbbd4807b4ed46cb564b4fd50a76166b1c4ea5c1d9e2371/pytest_cov-6.0.0-py3-none-any.whl"
            },
            {
              "algorithm": "sha256",
              "hash": "fde0b595ca248bb8e2d76f020b465f3b107c9632e6a1d1705f17834c89dcadc0",
              "url": "https://files.pythonhosted.org/packages/be/45/9b538de8cef30e17c7b45ef42f538a94889ed6a16f2387a6c89e73220651/pytest-cov-6.0.0.tar.gz"
            }
          ],
          "project_name": "pytest-cov",
          "requires_dists": [
            "coverage[toml]>=7.5",
            "fields; extra == \"testing\"",
            "hunter; extra == \"testing\"",
            "process-tests; extra == \"testing\"",
            "pytest-xdist; extra == \"testing\"",
            "pytest>=4.6",
            "virtualenv; extra == \"testing\""
          ],
          "requires_python": ">=3.9",
          "version": "6"
        },
        {
          "artifacts": [
            {
              "algorithm": "sha256",
              "hash": "945ed337e85f00c18d7c38d207e3953eed6629e8170f92b1c342ae68825b1bbb",
              "url": "https://files.pythonhosted.org/packages/c5/06/07353a0b46636d6507c5cd62abb5870054fcb4d359cea768f11ec300d918/pytest_iters-0.0.3-py3-none-any.whl"
            },
            {
              "algorithm": "sha256",
              "hash": "79ba994c1d3c37e7c0ac02f0a9b7e1ac3891541e5d88b8b387d6a7b38fc96375",
              "url": "https://files.pythonhosted.org/packages/98/24/b1d025e672ed4cf6e22f3342543dc67fc9d81c382a144723e7b0e55a1c94/pytest-iters-0.0.3.tar.gz"
            }
          ],
          "project_name": "pytest-iters",
          "requires_dists": [],
          "requires_python": null,
          "version": "0.0.3"
        },
        {
          "artifacts": [
            {
              "algorithm": "sha256",
              "hash": "6f8cdc8641c708c4812f58ae48d410f373a6fd16cd6cc4dc4d3fb8951df9c92a",
              "url": "https://files.pythonhosted.org/packages/b8/87/4705cb62a5fde412969b4ef2556c41c5131b8e8d4fa9265170b648a07298/pytest_patches-0.0.3-py3-none-any.whl"
            }
          ],
          "project_name": "pytest-patches",
          "requires_dists": [
            "flake8; extra == \"lint\"",
            "mypy; extra == \"types\"",
            "pytest-coverage; extra == \"test\"",
            "pytest>=3.5.0",
            "wheel; extra == \"publish\""
          ],
          "requires_python": ">=3.5",
          "version": "0.0.3"
        },
        {
          "artifacts": [
            {
              "algorithm": "sha256",
              "hash": "cb55c73c5f4408779d0cf3eef9f762b9c9f147a77de7b258bef0a5628adc85cc",
              "url": "https://files.pythonhosted.org/packages/6e/c2/61d3e0f47e2b74ef40a68b9e6ad5984f6241a942f7cd3bbfbdbd03861ea9/tomli-2.2.1-py3-none-any.whl"
            },
            {
              "algorithm": "sha256",
              "hash": "cd45e1dc79c835ce60f7404ec8119f2eb06d38b1deba146f07ced3bbc44505ff",
              "url": "https://files.pythonhosted.org/packages/18/87/302344fed471e44a87289cf4967697d07e532f2421fdaf868a303cbae4ff/tomli-2.2.1.tar.gz"
            },
            {
              "algorithm": "sha256",
              "hash": "c954d2250168d28797dd4e3ac5cf812a406cd5a92674ee4c8f123c889786aa8e",
              "url": "https://files.pythonhosted.org/packages/1f/47/999514fa49cfaf7a92c805a86c3c43f4215621855d151b61c602abb38091/tomli-2.2.1-cp311-cp311-manylinux_2_5_i686.manylinux1_i686.manylinux_2_17_i686.manylinux2014_i686.whl"
            },
            {
              "algorithm": "sha256",
              "hash": "678e4fa69e4575eb77d103de3df8a895e1591b48e740211bd1067378c69e8249",
              "url": "https://files.pythonhosted.org/packages/43/ca/75707e6efa2b37c77dadb324ae7d9571cb424e61ea73fad7c56c2d14527f/tomli-2.2.1-cp311-cp311-macosx_10_9_x86_64.whl"
            },
            {
              "algorithm": "sha256",
              "hash": "e59e304978767a54663af13c07b3d1af22ddee3bb2fb0618ca1593e4f593a106",
              "url": "https://files.pythonhosted.org/packages/55/18/5d8bc5b0a0362311ce4d18830a5d28943667599a60d20118074ea1b01bb7/tomli-2.2.1-cp311-cp311-musllinux_1_2_i686.whl"
            },
            {
              "algorithm": "sha256",
              "hash": "8dd28b3e155b80f4d54beb40a441d366adcfe740969820caf156c019fb5c7ec4",
              "url": "https://files.pythonhosted.org/packages/73/41/0a01279a7ae09ee1573b423318e7934674ce06eb33f50936655071d81a24/tomli-2.2.1-cp311-cp311-musllinux_1_2_aarch64.whl"
            },
            {
              "algorithm": "sha256",
              "hash": "33580bccab0338d00994d7f16f4c4ec25b776af3ffaac1ed74e0b3fc95e885a8",
              "url": "https://files.pythonhosted.org/packages/92/a3/7ade0576d17f3cdf5ff44d61390d4b3febb8a9fc2b480c75c47ea048c646/tomli-2.2.1-cp311-cp311-musllinux_1_2_x86_64.whl"
            },
            {
              "algorithm": "sha256",
              "hash": "6972ca9c9cc9f0acaa56a8ca1ff51e7af152a9f87fb64623e31d5c83700080ee",
              "url": "https://files.pythonhosted.org/packages/a9/6b/c54ede5dc70d648cc6361eaf429304b02f2871a345bbdd51e993d6cdf550/tomli-2.2.1-cp311-cp311-manylinux_2_17_x86_64.manylinux2014_x86_64.whl"
            },
            {
              "algorithm": "sha256",
              "hash": "023aa114dd824ade0100497eb2318602af309e5a55595f76b626d6d9f3b7b0a6",
              "url": "https://files.pythonhosted.org/packages/c7/16/51ae563a8615d472fdbffc43a3f3d46588c264ac4f024f63f01283becfbb/tomli-2.2.1-cp311-cp311-macosx_11_0_arm64.whl"
            },
            {
              "algorithm": "sha256",
              "hash": "ece47d672db52ac607a3d9599a9d48dcb2f2f735c6c2d1f34130085bb12b112a",
              "url": "https://files.pythonhosted.org/packages/f1/dd/4f6cd1e7b160041db83c694abc78e100473c15d54620083dbd5aae7b990e/tomli-2.2.1-cp311-cp311-manylinux_2_17_aarch64.manylinux2014_aarch64.whl"
            }
          ],
          "project_name": "tomli",
          "requires_dists": [],
          "requires_python": ">=3.8",
          "version": "2.2.1"
        }
      ],
      "platform_tag": null
    }
  ],
  "path_mappings": {},
  "pex_version": "2.1.108",
  "pip_version": "20.3.4-patched",
  "prefer_older_binary": false,
  "requirements": [
    "pytest-abstracts>=0.0.4",
    "pytest-cov>=4",
    "pytest-iters>=0.0.3",
    "pytest-patches",
    "pytest>=7.2"
  ],
  "requires_python": [
    ">=3.10.0"
  ],
  "resolver_version": "pip-2020-resolver",
  "style": "universal",
  "target_systems": [
    "linux",
    "mac"
  ],
  "transitive": true,
  "use_pep517": null
}
