// This lockfile was autogenerated by Pants. To regenerate, run:
//
//    ./pants generate-lockfiles --resolve=pytest
//
// --- BEGIN PANTS LOCKFILE METADATA: DO NOT EDIT OR REMOVE ---
// {
//   "version": 3,
//   "valid_for_interpreter_constraints": [
//     "CPython>=3.10.0"
//   ],
//   "generated_with_requirements": [
//     "pytest-abstracts>=0.0.4",
//     "pytest-cov>=4",
//     "pytest-iters>=0.0.3",
//     "pytest-patches",
//     "pytest>=7.2"
//   ],
//   "manylinux": "manylinux2014",
//   "requirement_constraints": [],
//   "only_binary": [],
//   "no_binary": []
// }
// --- END PANTS LOCKFILE METADATA ---

{
  "allow_builds": true,
  "allow_prereleases": false,
  "allow_wheels": true,
  "build_isolation": true,
  "constraints": [],
  "locked_resolves": [
    {
      "locked_requirements": [
        {
          "artifacts": [
            {
              "algorithm": "sha256",
              "hash": "acc01ff56c8a05fb88150dff62e295f9071fc33388c42f1dfc2787a8d1c755ff",
              "url": "https://files.pythonhosted.org/packages/93/4f/158ded37e69172bba7987774885629afa9b482857edde5e87399c89e7d66/abstracts-0.0.12-py3-none-any.whl"
            }
          ],
          "project_name": "abstracts",
          "requires_dists": [
            "flake8; extra == \"lint\"",
            "mypy; extra == \"types\"",
            "pytest-coverage; extra == \"test\"",
            "pytest-patches; extra == \"test\"",
            "pytest; extra == \"test\"",
            "wheel; extra == \"publish\""
          ],
          "requires_python": ">=3.5",
          "version": "0.0.12"
        },
        {
          "artifacts": [
            {
              "algorithm": "sha256",
              "hash": "b2c5edc4ac10a7ef6605a966c58929ec6c1bd0917fb8c15cb3363f65aa40e677",
              "url": "https://files.pythonhosted.org/packages/99/15/dbcb5d0a22bf5357cf456dfd16f9ceb89c54544d6201d53bc77c75077a8e/coverage-7.4.4-pp38.pp39.pp310-none-any.whl"
            },
            {
              "algorithm": "sha256",
              "hash": "09fa497a8ab37784fbb20ab699c246053ac294d13fc7eb40ec007a5043ec91f8",
              "url": "https://files.pythonhosted.org/packages/07/58/0e076ea3a59dbfb3e981577c4e5572b432345cedd921e83006a0215b9afe/coverage-7.4.4-cp310-cp310-manylinux_2_17_aarch64.manylinux2014_aarch64.whl"
            },
            {
              "algorithm": "sha256",
              "hash": "40209e141059b9370a2657c9b15607815359ab3ef9918f0196b6fccce8d3230f",
              "url": "https://files.pythonhosted.org/packages/0f/86/d5d971283ef625391595d79321d3f9bef09dcaa0537db665fb0d4f445c7d/coverage-7.4.4-cp311-cp311-manylinux_2_5_i686.manylinux1_i686.manylinux_2_17_i686.manylinux2014_i686.whl"
            },
            {
              "algorithm": "sha256",
              "hash": "ccd341521be3d1b3daeb41960ae94a5e87abe2f46f17224ba5d6f2b8398016cf",
              "url": "https://files.pythonhosted.org/packages/10/1e/f676e1655d10bf59a6cb8de0601b7ea3c252c764782a3c2263f6d6bbcf28/coverage-7.4.4-cp310-cp310-macosx_11_0_arm64.whl"
            },
            {
              "algorithm": "sha256",
              "hash": "e0be5efd5127542ef31f165de269f77560d6cdef525fffa446de6f7e9186cfb2",
              "url": "https://files.pythonhosted.org/packages/45/f4/10bf725621aeec5cc2fa1bc73021f5ba1ac01bcbf2c7278d8d34e1df6457/coverage-7.4.4-cp310-cp310-macosx_10_9_x86_64.whl"
            },
            {
              "algorithm": "sha256",
              "hash": "8ce1415194b4a6bd0cdcc3a1dfbf58b63f910dcb7330fe15bdff542c56949f87",
              "url": "https://files.pythonhosted.org/packages/50/32/829d0e709fa699dc4e498fa77a561d25fc57954ba32466279952b98f0836/coverage-7.4.4-cp310-cp310-musllinux_1_1_i686.whl"
            },
            {
              "algorithm": "sha256",
              "hash": "73bfb9c09951125d06ee473bed216e2c3742f530fc5acc1383883125de76d9cd",
              "url": "https://files.pythonhosted.org/packages/5e/7c/d700521aafd6a23a61b5eb60db2f42a2306e494b3097030fcf400ce768a3/coverage-7.4.4-cp311-cp311-musllinux_1_1_aarch64.whl"
            },
            {
              "algorithm": "sha256",
              "hash": "0513b9508b93da4e1716744ef6ebc507aff016ba115ffe8ecff744d1322a7b63",
              "url": "https://files.pythonhosted.org/packages/64/9b/d0a8c02209f17549ce2283829b7be2b4eaef8bc7c7e0d8016774e73d54c0/coverage-7.4.4-cp311-cp311-manylinux_2_17_aarch64.manylinux2014_aarch64.whl"
            },
            {
              "algorithm": "sha256",
              "hash": "b91cbc4b195444e7e258ba27ac33769c41b94967919f10037e6355e998af255c",
              "url": "https://files.pythonhosted.org/packages/7e/60/62a8c190d20bf605c89a000fd6d41e3563b5792e7275b12eeefe6803b473/coverage-7.4.4-cp310-cp310-musllinux_1_1_x86_64.whl"
            },
            {
              "algorithm": "sha256",
              "hash": "09c3255458533cb76ef55da8cc49ffab9e33f083739c8bd4f58e79fecfe288f7",
              "url": "https://files.pythonhosted.org/packages/91/4e/feff6d115dcc239e5850570ca2ea27a243c8a69596e7f1dabe54a6102d89/coverage-7.4.4-cp310-cp310-musllinux_1_1_aarch64.whl"
            },
            {
              "algorithm": "sha256",
              "hash": "690db6517f09336559dc0b5f55342df62370a48f5469fabf502db2c6d1cffcd2",
              "url": "https://files.pythonhosted.org/packages/93/41/e6e9dbb322f3c93aba7bc519b9c62846d923d7b57398bdd7eda3f0acdd11/coverage-7.4.4-cp310-cp310-manylinux_2_5_x86_64.manylinux1_x86_64.manylinux_2_17_x86_64.manylinux2014_x86_64.whl"
            },
            {
              "algorithm": "sha256",
              "hash": "1f384c3cc76aeedce208643697fb3e8437604b512255de6d18dae3f27655a384",
              "url": "https://files.pythonhosted.org/packages/95/44/c3f2e14450239fcdaff38e66a165f4aa8ac3a0753d1db33321c692558a15/coverage-7.4.4-cp311-cp311-musllinux_1_1_i686.whl"
            },
            {
              "algorithm": "sha256",
              "hash": "8a2b2b78c78293782fd3767d53e6474582f62443d0504b1554370bde86cc8227",
              "url": "https://files.pythonhosted.org/packages/ab/1c/f8fefae78482f1998f7a9d68419b22089b5ce69a7e0fa0035827d2ce2206/coverage-7.4.4-cp311-cp311-manylinux_2_5_x86_64.manylinux1_x86_64.manylinux_2_17_x86_64.manylinux2014_x86_64.whl"
            },
            {
              "algorithm": "sha256",
              "hash": "c901df83d097649e257e803be22592aedfd5182f07b3cc87d640bbb9afd50f49",
              "url": "https://files.pythonhosted.org/packages/bf/d5/f809d8b630cf4c11fe490e20037a343d12a74ec2783c6cdb5aee725e7137/coverage-7.4.4.tar.gz"
            },
            {
              "algorithm": "sha256",
              "hash": "0f9f50e7ef2a71e2fae92774c99170eb8304e3fdf9c8c3c7ae9bab3e7229c5cf",
              "url": "https://files.pythonhosted.org/packages/c4/26/e9bd37635e0e0343f41394e715725982de8811a1229ace1b3e94c9e47b86/coverage-7.4.4-cp311-cp311-macosx_10_9_x86_64.whl"
            },
            {
              "algorithm": "sha256",
              "hash": "b1a93009cb80730c9bca5d6d4665494b725b6e8e157c1cb7f2db5b4b122ea562",
              "url": "https://files.pythonhosted.org/packages/d3/6d/72b9f5035c50a14bc5c5fda0c28ac16c426e957a7a3debe02906b614fc4f/coverage-7.4.4-cp310-cp310-manylinux_2_5_i686.manylinux1_i686.manylinux_2_17_i686.manylinux2014_i686.whl"
            },
            {
              "algorithm": "sha256",
              "hash": "623512f8ba53c422fcfb2ce68362c97945095b864cda94a92edbaf5994201083",
              "url": "https://files.pythonhosted.org/packages/ec/1b/0c493f14813e9518ae71b8bd3061af63a332b41e6fee983996a7b90deb07/coverage-7.4.4-cp311-cp311-macosx_11_0_arm64.whl"
            },
            {
              "algorithm": "sha256",
              "hash": "54eb8d1bf7cacfbf2a3186019bcf01d11c666bd495ed18717162f7eb1e9dd00b",
              "url": "https://files.pythonhosted.org/packages/f4/ce/98e90709f9879d5834d04b49b86736118a78d848a9162333aa659c6442a7/coverage-7.4.4-cp311-cp311-musllinux_1_1_x86_64.whl"
            }
          ],
          "project_name": "coverage",
          "requires_dists": [
            "tomli; python_full_version <= \"3.11.0a6\" and extra == \"toml\""
          ],
          "requires_python": ">=3.8",
          "version": "7.4.4"
        },
        {
          "artifacts": [
            {
              "algorithm": "sha256",
              "hash": "4bfd3996ac73b41e9b9628b04e079f193850720ea5945fc96a08633c66912f14",
              "url": "https://files.pythonhosted.org/packages/b8/9a/5028fd52db10e600f1c4674441b968cf2ea4959085bfb5b99fb1250e5f68/exceptiongroup-1.2.0-py3-none-any.whl"
            },
            {
              "algorithm": "sha256",
              "hash": "91f5c769735f051a4290d52edd0858999b57e5876e9f85937691bd4c9fa3ed68",
              "url": "https://files.pythonhosted.org/packages/8e/1c/beef724eaf5b01bb44b6338c8c3494eff7cab376fab4904cfbbc3585dc79/exceptiongroup-1.2.0.tar.gz"
            }
          ],
          "project_name": "exceptiongroup",
          "requires_dists": [
            "pytest>=6; extra == \"test\""
          ],
          "requires_python": ">=3.7",
          "version": "1.2"
        },
        {
          "artifacts": [
            {
              "algorithm": "sha256",
              "hash": "b6a85871a79d2e3b22d2d1b94ac2824226a63c6b741c88f7ae975f18b6778374",
              "url": "https://files.pythonhosted.org/packages/ef/a6/62565a6e1cf69e10f5727360368e451d4b7f58beeac6173dc9db836a5b46/iniconfig-2.0.0-py3-none-any.whl"
            },
            {
              "algorithm": "sha256",
              "hash": "2d91e135bf72d31a410b17c16da610a82cb55f6b0477d1a902134b24a455b8b3",
              "url": "https://files.pythonhosted.org/packages/d7/4b/cbd8e699e64a6f16ca3a8220661b5f83792b3017d0f79807cb8708d33913/iniconfig-2.0.0.tar.gz"
            }
          ],
          "project_name": "iniconfig",
          "requires_dists": [],
          "requires_python": ">=3.7",
          "version": "2"
        },
        {
          "artifacts": [
            {
              "algorithm": "sha256",
              "hash": "2ddfb553fdf02fb784c234c7ba6ccc288296ceabec964ad2eae3777778130bc5",
              "url": "https://files.pythonhosted.org/packages/49/df/1fceb2f8900f8639e278b056416d49134fb8d84c5942ffaa01ad34782422/packaging-24.0-py3-none-any.whl"
            },
            {
              "algorithm": "sha256",
              "hash": "eb82c5e3e56209074766e6885bb04b8c38a0c015d0a30036ebe7ece34c9989e9",
              "url": "https://files.pythonhosted.org/packages/ee/b5/b43a27ac7472e1818c4bafd44430e69605baefe1f34440593e0332ec8b4d/packaging-24.0.tar.gz"
            }
          ],
          "project_name": "packaging",
          "requires_dists": [],
          "requires_python": ">=3.7",
          "version": "24"
        },
        {
          "artifacts": [
            {
              "algorithm": "sha256",
              "hash": "7db9f7b503d67d1c5b95f59773ebb58a8c1c288129a88665838012cfb07b8981",
              "url": "https://files.pythonhosted.org/packages/a5/5b/0cc789b59e8cc1bf288b38111d002d8c5917123194d45b29dcdac64723cc/pluggy-1.4.0-py3-none-any.whl"
            },
            {
              "algorithm": "sha256",
              "hash": "8c85c2876142a764e5b7548e7d9a0e0ddb46f5185161049a79b7e974454223be",
              "url": "https://files.pythonhosted.org/packages/54/c6/43f9d44d92aed815e781ca25ba8c174257e27253a94630d21be8725a2b59/pluggy-1.4.0.tar.gz"
            }
          ],
          "project_name": "pluggy",
          "requires_dists": [
            "pre-commit; extra == \"dev\"",
            "pytest-benchmark; extra == \"testing\"",
            "pytest; extra == \"testing\"",
            "tox; extra == \"dev\""
          ],
          "requires_python": ">=3.8",
          "version": "1.4"
        },
        {
          "artifacts": [
            {
              "algorithm": "sha256",
              "hash": "2a8386cfc11fa9d2c50ee7b2a57e7d898ef90470a7a34c4b949ff59662bb78b7",
              "url": "https://files.pythonhosted.org/packages/4d/7e/c79cecfdb6aa85c6c2e3cf63afc56d0f165f24f5c66c03c695c4d9b84756/pytest-8.1.1-py3-none-any.whl"
            },
            {
              "algorithm": "sha256",
              "hash": "ac978141a75948948817d360297b7aae0fcb9d6ff6bc9ec6d514b85d5a65c044",
              "url": "https://files.pythonhosted.org/packages/30/b7/7d44bbc04c531dcc753056920e0988032e5871ac674b5a84cb979de6e7af/pytest-8.1.1.tar.gz"
            }
          ],
          "project_name": "pytest",
          "requires_dists": [
            "argcomplete; extra == \"testing\"",
            "attrs>=19.2; extra == \"testing\"",
            "colorama; sys_platform == \"win32\"",
            "exceptiongroup>=1.0.0rc8; python_version < \"3.11\"",
            "hypothesis>=3.56; extra == \"testing\"",
            "iniconfig",
            "mock; extra == \"testing\"",
            "packaging",
            "pluggy<2.0,>=1.4",
            "pygments>=2.7.2; extra == \"testing\"",
            "requests; extra == \"testing\"",
            "setuptools; extra == \"testing\"",
            "tomli>=1; python_version < \"3.11\"",
            "xmlschema; extra == \"testing\""
          ],
          "requires_python": ">=3.8",
          "version": "8.1.1"
        },
        {
          "artifacts": [
            {
              "algorithm": "sha256",
              "hash": "0ea2fbcf7ef810fbfc6fca9f6f42fdb26e945eab092a76278995800afc41e4f9",
              "url": "https://files.pythonhosted.org/packages/1a/76/e0b47275ffb96b5957613baa88fc95e3b379f82cd2e468e60dcb83ebd5c7/pytest_abstracts-0.0.4-py3-none-any.whl"
            },
            {
              "algorithm": "sha256",
              "hash": "5188213747eb7a9d64838047b55017eb8019e751486f12ed58a3ea7326b22a59",
              "url": "https://files.pythonhosted.org/packages/97/eb/42547e33d4b5448fd3a0b42611f426ab119a1122a20bc571ac358094f75e/pytest-abstracts-0.0.4.tar.gz"
            }
          ],
          "project_name": "pytest-abstracts",
          "requires_dists": [
            "abstracts>=0.0.12"
          ],
          "requires_python": null,
          "version": "0.0.4"
        },
        {
          "artifacts": [
            {
              "algorithm": "sha256",
              "hash": "6ba70b9e97e69fcc3fb45bfeab2d0a138fb65c4d0d6a41ef33983ad114be8c3a",
              "url": "https://files.pythonhosted.org/packages/a7/4b/8b78d126e275efa2379b1c2e09dc52cf70df16fc3b90613ef82531499d73/pytest_cov-4.1.0-py3-none-any.whl"
            },
            {
              "algorithm": "sha256",
              "hash": "3904b13dfbfec47f003b8e77fd5b589cd11904a21ddf1ab38a64f204d6a10ef6",
              "url": "https://files.pythonhosted.org/packages/7a/15/da3df99fd551507694a9b01f512a2f6cf1254f33601605843c3775f39460/pytest-cov-4.1.0.tar.gz"
            }
          ],
          "project_name": "pytest-cov",
          "requires_dists": [
            "coverage[toml]>=5.2.1",
            "fields; extra == \"testing\"",
            "hunter; extra == \"testing\"",
            "process-tests; extra == \"testing\"",
            "pytest-xdist; extra == \"testing\"",
            "pytest>=4.6",
            "six; extra == \"testing\"",
            "virtualenv; extra == \"testing\""
          ],
          "requires_python": ">=3.7",
          "version": "4.1"
        },
        {
          "artifacts": [
            {
              "algorithm": "sha256",
              "hash": "945ed337e85f00c18d7c38d207e3953eed6629e8170f92b1c342ae68825b1bbb",
              "url": "https://files.pythonhosted.org/packages/c5/06/07353a0b46636d6507c5cd62abb5870054fcb4d359cea768f11ec300d918/pytest_iters-0.0.3-py3-none-any.whl"
            },
            {
              "algorithm": "sha256",
              "hash": "79ba994c1d3c37e7c0ac02f0a9b7e1ac3891541e5d88b8b387d6a7b38fc96375",
              "url": "https://files.pythonhosted.org/packages/98/24/b1d025e672ed4cf6e22f3342543dc67fc9d81c382a144723e7b0e55a1c94/pytest-iters-0.0.3.tar.gz"
            }
          ],
          "project_name": "pytest-iters",
          "requires_dists": [],
          "requires_python": null,
          "version": "0.0.3"
        },
        {
          "artifacts": [
            {
              "algorithm": "sha256",
              "hash": "6f8cdc8641c708c4812f58ae48d410f373a6fd16cd6cc4dc4d3fb8951df9c92a",
              "url": "https://files.pythonhosted.org/packages/b8/87/4705cb62a5fde412969b4ef2556c41c5131b8e8d4fa9265170b648a07298/pytest_patches-0.0.3-py3-none-any.whl"
            }
          ],
          "project_name": "pytest-patches",
          "requires_dists": [
            "flake8; extra == \"lint\"",
            "mypy; extra == \"types\"",
            "pytest-coverage; extra == \"test\"",
            "pytest>=3.5.0",
            "wheel; extra == \"publish\""
          ],
          "requires_python": ">=3.5",
          "version": "0.0.3"
        },
        {
          "artifacts": [
            {
              "algorithm": "sha256",
              "hash": "939de3e7a6161af0c887ef91b7d41a53e7c5a1ca976325f429cb46ea9bc30ecc",
              "url": "https://files.pythonhosted.org/packages/97/75/10a9ebee3fd790d20926a90a2547f0bf78f371b2f13aa822c759680ca7b9/tomli-2.0.1-py3-none-any.whl"
            },
            {
              "algorithm": "sha256",
              "hash": "de526c12914f0c550d15924c62d72abc48d6fe7364aa87328337a31007fe8a4f",
              "url": "https://files.pythonhosted.org/packages/c0/3f/d7af728f075fb08564c5949a9c95e44352e23dee646869fa104a3b2060a3/tomli-2.0.1.tar.gz"
            }
          ],
          "project_name": "tomli",
          "requires_dists": [],
          "requires_python": ">=3.7",
          "version": "2.0.1"
        }
      ],
      "platform_tag": null
    }
  ],
  "path_mappings": {},
  "pex_version": "2.1.108",
  "pip_version": "20.3.4-patched",
  "prefer_older_binary": false,
  "requirements": [
    "pytest-abstracts>=0.0.4",
    "pytest-cov>=4",
    "pytest-iters>=0.0.3",
    "pytest-patches",
    "pytest>=7.2"
  ],
  "requires_python": [
    ">=3.10.0"
  ],
  "resolver_version": "pip-2020-resolver",
  "style": "universal",
  "target_systems": [
    "linux",
    "mac"
  ],
  "transitive": true,
  "use_pep517": null
}
